
Microsoft Visual Studio Solution File, Format Version 12.00
# Visual Studio Version 17
VisualStudioVersion = 17.9.34728.123
MinimumVisualStudioVersion = 10.0.40219.1
Project("{9A19103F-16F7-4668-BE54-9A1E7A4F7556}") = "ProductApp_Product", "ProductApp_Product\ProductApp_Product.csproj", "{F2A13F37-C611-4D51-B0F6-2C9EE7BE9946}"
EndProject
Project("{FAE04EC0-301F-11D3-BF4B-00C04F79EFBC}") = "ProductBlazorApp", "ProductBlazorApp\ProductBlazorApp.csproj", "{86FF3447-FB94-43EF-AE8F-07F8007202BF}"
EndProject
Global
	GlobalSection(SolutionConfigurationPlatforms) = preSolution
		Debug|Any CPU = Debug|Any CPU
		Release|Any CPU = Release|Any CPU
	EndGlobalSection
	GlobalSection(ProjectConfigurationPlatforms) = postSolution
		{F2A13F37-C611-4D51-B0F6-2C9EE7BE9946}.Debug|Any CPU.ActiveCfg = Debug|Any CPU
		{F2A13F37-C611-4D51-B0F6-2C9EE7BE9946}.Debug|Any CPU.Build.0 = Debug|Any CPU
		{F2A13F37-C611-4D51-B0F6-2C9EE7BE9946}.Release|Any CPU.ActiveCfg = Release|Any CPU
		{F2A13F37-C611-4D51-B0F6-2C9EE7BE9946}.Release|Any CPU.Build.0 = Release|Any CPU
		{86FF3447-FB94-43EF-AE8F-07F8007202BF}.Debug|Any CPU.ActiveCfg = Debug|Any CPU
		{86FF3447-FB94-43EF-AE8F-07F8007202BF}.Debug|Any CPU.Build.0 = Debug|Any CPU
		{86FF3447-FB94-43EF-AE8F-07F8007202BF}.Release|Any CPU.ActiveCfg = Release|Any CPU
		{86FF3447-FB94-43EF-AE8F-07F8007202BF}.Release|Any CPU.Build.0 = Release|Any CPU
	EndGlobalSection
	GlobalSection(SolutionProperties) = preSolution
		HideSolutionNode = FALSE
	EndGlobalSection
	GlobalSection(ExtensibilityGlobals) = postSolution
		SolutionGuid = {5A255556-FCDE-477F-A122-763846946808}
	EndGlobalSection
EndGlobal
